
Microsoft Visual Studio Solution File, Format Version 12.00
# Visual Studio Version 16
VisualStudioVersion = 16.0.32228.343
MinimumVisualStudioVersion = 10.0.40219.1
Project("{FAE04EC0-301F-11D3-BF4B-00C04F79EFBC}") = "AspNetMVC_Template", "AspNetMVC_Template\AspNetMVC_Template.csproj", "{8F969522-CD2F-45C0-9225-496292E84DE1}"
EndProject
Global
	GlobalSection(SolutionConfigurationPlatforms) = preSolution
		Debug|Any CPU = Debug|Any CPU
		Release|Any CPU = Release|Any CPU
	EndGlobalSection
	GlobalSection(ProjectConfigurationPlatforms) = postSolution
		{8F969522-CD2F-45C0-9225-496292E84DE1}.Debug|Any CPU.ActiveCfg = Debug|Any CPU
		{8F969522-CD2F-45C0-9225-496292E84DE1}.Debug|Any CPU.Build.0 = Debug|Any CPU
		{8F969522-CD2F-45C0-9225-496292E84DE1}.Release|Any CPU.ActiveCfg = Release|Any CPU
		{8F969522-CD2F-45C0-9225-496292E84DE1}.Release|Any CPU.Build.0 = Release|Any CPU
	EndGlobalSection
	GlobalSection(SolutionProperties) = preSolution
		HideSolutionNode = FALSE
	EndGlobalSection
	GlobalSection(ExtensibilityGlobals) = postSolution
		SolutionGuid = {F0AEA1F3-CB65-4FFF-9435-74D9FDD2681C}
	EndGlobalSection
EndGlobal
